
Microsoft Visual Studio Solution File, Format Version 12.00
# Visual Studio Version 17
VisualStudioVersion = 17.3.32819.101
MinimumVisualStudioVersion = 10.0.40219.1
Project("{9A19103F-16F7-4668-BE54-9A1E7A4F7556}") = "SafToIfsWorkOrderTask", "src\adms-extensions-saf-to-ifs-workordertask\SafToIfsWorkOrderTask.csproj", "{F603E3B3-553F-47BA-8002-41408D6FC9F9}"
EndProject
Project("{FAE04EC0-301F-11D3-BF4B-00C04F79EFBC}") = "Services", "src\Services\Services.csproj", "{07F01E81-C883-43C5-ACEE-2BE705D2AB19}"
EndProject
Global
	GlobalSection(SolutionConfigurationPlatforms) = preSolution
		Debug|Any CPU = Debug|Any CPU
		Release|Any CPU = Release|Any CPU
	EndGlobalSection
	GlobalSection(ProjectConfigurationPlatforms) = postSolution
		{F603E3B3-553F-47BA-8002-41408D6FC9F9}.Debug|Any CPU.ActiveCfg = Debug|Any CPU
		{F603E3B3-553F-47BA-8002-41408D6FC9F9}.Debug|Any CPU.Build.0 = Debug|Any CPU
		{F603E3B3-553F-47BA-8002-41408D6FC9F9}.Release|Any CPU.ActiveCfg = Release|Any CPU
		{F603E3B3-553F-47BA-8002-41408D6FC9F9}.Release|Any CPU.Build.0 = Release|Any CPU
		{07F01E81-C883-43C5-ACEE-2BE705D2AB19}.Debug|Any CPU.ActiveCfg = Debug|Any CPU
		{07F01E81-C883-43C5-ACEE-2BE705D2AB19}.Debug|Any CPU.Build.0 = Debug|Any CPU
		{07F01E81-C883-43C5-ACEE-2BE705D2AB19}.Release|Any CPU.ActiveCfg = Release|Any CPU
		{07F01E81-C883-43C5-ACEE-2BE705D2AB19}.Release|Any CPU.Build.0 = Release|Any CPU
	EndGlobalSection
	GlobalSection(SolutionProperties) = preSolution
		HideSolutionNode = FALSE
	EndGlobalSection
	GlobalSection(ExtensibilityGlobals) = postSolution
		SolutionGuid = {12B28035-067E-4465-886C-F231AF7F1435}
	EndGlobalSection
EndGlobal
